
Microsoft Visual Studio Solution File, Format Version 12.00
# Visual Studio Version 17
VisualStudioVersion = 17.8.34330.188
MinimumVisualStudioVersion = 10.0.40219.1
Project("{FAE04EC0-301F-11D3-BF4B-00C04F79EFBC}") = "Products.Api", "Products.Api\Products.Api.csproj", "{1CF47C6D-AE99-4589-B5FC-A83991B314B4}"
EndProject
Project("{E53339B2-1760-4266-BCC7-CA923CBCF16C}") = "docker-compose", "docker-compose.dcproj", "{87F5765A-BC1A-4B69-8B5D-62E934E28B9D}"
EndProject
Global
	GlobalSection(SolutionConfigurationPlatforms) = preSolution
		Debug|Any CPU = Debug|Any CPU
		Release|Any CPU = Release|Any CPU
	EndGlobalSection
	GlobalSection(ProjectConfigurationPlatforms) = postSolution
		{1CF47C6D-AE99-4589-B5FC-A83991B314B4}.Debug|Any CPU.ActiveCfg = Debug|Any CPU
		{1CF47C6D-AE99-4589-B5FC-A83991B314B4}.Debug|Any CPU.Build.0 = Debug|Any CPU
		{1CF47C6D-AE99-4589-B5FC-A83991B314B4}.Release|Any CPU.ActiveCfg = Release|Any CPU
		{1CF47C6D-AE99-4589-B5FC-A83991B314B4}.Release|Any CPU.Build.0 = Release|Any CPU
		{87F5765A-BC1A-4B69-8B5D-62E934E28B9D}.Debug|Any CPU.ActiveCfg = Debug|Any CPU
		{87F5765A-BC1A-4B69-8B5D-62E934E28B9D}.Debug|Any CPU.Build.0 = Debug|Any CPU
		{87F5765A-BC1A-4B69-8B5D-62E934E28B9D}.Release|Any CPU.ActiveCfg = Release|Any CPU
		{87F5765A-BC1A-4B69-8B5D-62E934E28B9D}.Release|Any CPU.Build.0 = Release|Any CPU
	EndGlobalSection
	GlobalSection(SolutionProperties) = preSolution
		HideSolutionNode = FALSE
	EndGlobalSection
	GlobalSection(ExtensibilityGlobals) = postSolution
		SolutionGuid = {7D4AC60B-8B47-4CA1-8E13-9BC4F7FE792E}
	EndGlobalSection
EndGlobal
